
Microsoft Visual Studio Solution File, Format Version 11.00
# Visual Studio 2010
Project("{FAE04EC0-301F-11D3-BF4B-00C04F79EFBC}") = "Assembly-CSharp", "Assembly-CSharp.csproj", "{E662681E-BECF-3DBA-5D44-698310FC5A58}"
EndProject
Project("{FAE04EC0-301F-11D3-BF4B-00C04F79EFBC}") = "Assembly-CSharp-firstpass", "Assembly-CSharp-firstpass.csproj", "{51D8446B-B00F-B6FA-5B62-30EADB096835}"
EndProject
Project("{FAE04EC0-301F-11D3-BF4B-00C04F79EFBC}") = "Assembly-CSharp-Editor-firstpass", "Assembly-CSharp-Editor-firstpass.csproj", "{579AF176-A64B-6BBE-FCFE-CB0B2A970BE2}"
EndProject
Project("{FAE04EC0-301F-11D3-BF4B-00C04F79EFBC}") = "Assembly-CSharp-Editor", "Assembly-CSharp-Editor.csproj", "{81A83F3C-E720-A736-D63A-203EFFD99730}"
EndProject
Global
	GlobalSection(SolutionConfigurationPlatforms) = preSolution
		Debug|Any CPU = Debug|Any CPU
		Release|Any CPU = Release|Any CPU
	EndGlobalSection
	GlobalSection(ProjectConfigurationPlatforms) = postSolution
		{E662681E-BECF-3DBA-5D44-698310FC5A58}.Debug|Any CPU.ActiveCfg = Debug|Any CPU
		{E662681E-BECF-3DBA-5D44-698310FC5A58}.Debug|Any CPU.Build.0 = Debug|Any CPU
		{E662681E-BECF-3DBA-5D44-698310FC5A58}.Release|Any CPU.ActiveCfg = Release|Any CPU
		{E662681E-BECF-3DBA-5D44-698310FC5A58}.Release|Any CPU.Build.0 = Release|Any CPU
		{51D8446B-B00F-B6FA-5B62-30EADB096835}.Debug|Any CPU.ActiveCfg = Debug|Any CPU
		{51D8446B-B00F-B6FA-5B62-30EADB096835}.Debug|Any CPU.Build.0 = Debug|Any CPU
		{51D8446B-B00F-B6FA-5B62-30EADB096835}.Release|Any CPU.ActiveCfg = Release|Any CPU
		{51D8446B-B00F-B6FA-5B62-30EADB096835}.Release|Any CPU.Build.0 = Release|Any CPU
		{579AF176-A64B-6BBE-FCFE-CB0B2A970BE2}.Debug|Any CPU.ActiveCfg = Debug|Any CPU
		{579AF176-A64B-6BBE-FCFE-CB0B2A970BE2}.Debug|Any CPU.Build.0 = Debug|Any CPU
		{579AF176-A64B-6BBE-FCFE-CB0B2A970BE2}.Release|Any CPU.ActiveCfg = Release|Any CPU
		{579AF176-A64B-6BBE-FCFE-CB0B2A970BE2}.Release|Any CPU.Build.0 = Release|Any CPU
		{81A83F3C-E720-A736-D63A-203EFFD99730}.Debug|Any CPU.ActiveCfg = Debug|Any CPU
		{81A83F3C-E720-A736-D63A-203EFFD99730}.Debug|Any CPU.Build.0 = Debug|Any CPU
		{81A83F3C-E720-A736-D63A-203EFFD99730}.Release|Any CPU.ActiveCfg = Release|Any CPU
		{81A83F3C-E720-A736-D63A-203EFFD99730}.Release|Any CPU.Build.0 = Release|Any CPU
	EndGlobalSection
	GlobalSection(SolutionProperties) = preSolution
		HideSolutionNode = FALSE
	EndGlobalSection
	GlobalSection(MonoDevelopProperties) = preSolution
		StartupItem = Assembly-CSharp.csproj
	EndGlobalSection
EndGlobal
